
Microsoft Visual Studio Solution File, Format Version 12.00
# Visual Studio 15
VisualStudioVersion = 15.0.26730.15
MinimumVisualStudioVersion = 10.0.40219.1
Project("{FAE04EC0-301F-11D3-BF4B-00C04F79EFBC}") = "Circustrein", "Circustrein\Circustrein.csproj", "{144FDF85-209E-4E76-9E65-91C4BEAE0B84}"
EndProject
Project("{FAE04EC0-301F-11D3-BF4B-00C04F79EFBC}") = "Circustrein.data", "Circustrein.data\Circustrein.data.csproj", "{FCA51AB6-F1DD-4DB0-86FD-421E66455FD8}"
EndProject
Project("{FAE04EC0-301F-11D3-BF4B-00C04F79EFBC}") = "Circustrein.api", "Circustrein.api\Circustrein.api.csproj", "{13813935-D975-4FDD-9CC6-DD8A42F23CBD}"
EndProject
Project("{FAE04EC0-301F-11D3-BF4B-00C04F79EFBC}") = "Circustrein.Logic", "Circustrein.Logic\Circustrein.Logic.csproj", "{5C8274E5-B3E0-4941-9524-91038338473E}"
EndProject
Project("{FAE04EC0-301F-11D3-BF4B-00C04F79EFBC}") = "Circustrein.Tests", "Circustrein.Tests\Circustrein.Tests.csproj", "{A0D9EC3B-A1A2-4E81-AF13-68BE564AFE01}"
EndProject
Global
	GlobalSection(SolutionConfigurationPlatforms) = preSolution
		Debug|Any CPU = Debug|Any CPU
		Release|Any CPU = Release|Any CPU
	EndGlobalSection
	GlobalSection(ProjectConfigurationPlatforms) = postSolution
		{144FDF85-209E-4E76-9E65-91C4BEAE0B84}.Debug|Any CPU.ActiveCfg = Debug|Any CPU
		{144FDF85-209E-4E76-9E65-91C4BEAE0B84}.Debug|Any CPU.Build.0 = Debug|Any CPU
		{144FDF85-209E-4E76-9E65-91C4BEAE0B84}.Release|Any CPU.ActiveCfg = Release|Any CPU
		{144FDF85-209E-4E76-9E65-91C4BEAE0B84}.Release|Any CPU.Build.0 = Release|Any CPU
		{FCA51AB6-F1DD-4DB0-86FD-421E66455FD8}.Debug|Any CPU.ActiveCfg = Debug|Any CPU
		{FCA51AB6-F1DD-4DB0-86FD-421E66455FD8}.Debug|Any CPU.Build.0 = Debug|Any CPU
		{FCA51AB6-F1DD-4DB0-86FD-421E66455FD8}.Release|Any CPU.ActiveCfg = Release|Any CPU
		{FCA51AB6-F1DD-4DB0-86FD-421E66455FD8}.Release|Any CPU.Build.0 = Release|Any CPU
		{13813935-D975-4FDD-9CC6-DD8A42F23CBD}.Debug|Any CPU.ActiveCfg = Debug|Any CPU
		{13813935-D975-4FDD-9CC6-DD8A42F23CBD}.Debug|Any CPU.Build.0 = Debug|Any CPU
		{13813935-D975-4FDD-9CC6-DD8A42F23CBD}.Release|Any CPU.ActiveCfg = Release|Any CPU
		{13813935-D975-4FDD-9CC6-DD8A42F23CBD}.Release|Any CPU.Build.0 = Release|Any CPU
		{5C8274E5-B3E0-4941-9524-91038338473E}.Debug|Any CPU.ActiveCfg = Debug|Any CPU
		{5C8274E5-B3E0-4941-9524-91038338473E}.Debug|Any CPU.Build.0 = Debug|Any CPU
		{5C8274E5-B3E0-4941-9524-91038338473E}.Release|Any CPU.ActiveCfg = Release|Any CPU
		{5C8274E5-B3E0-4941-9524-91038338473E}.Release|Any CPU.Build.0 = Release|Any CPU
		{A0D9EC3B-A1A2-4E81-AF13-68BE564AFE01}.Debug|Any CPU.ActiveCfg = Debug|Any CPU
		{A0D9EC3B-A1A2-4E81-AF13-68BE564AFE01}.Debug|Any CPU.Build.0 = Debug|Any CPU
		{A0D9EC3B-A1A2-4E81-AF13-68BE564AFE01}.Release|Any CPU.ActiveCfg = Release|Any CPU
		{A0D9EC3B-A1A2-4E81-AF13-68BE564AFE01}.Release|Any CPU.Build.0 = Release|Any CPU
	EndGlobalSection
	GlobalSection(SolutionProperties) = preSolution
		HideSolutionNode = FALSE
	EndGlobalSection
	GlobalSection(ExtensibilityGlobals) = postSolution
		SolutionGuid = {7AC85E73-1802-4EE6-9E2E-F887EE03D24E}
	EndGlobalSection
EndGlobal
